
Microsoft Visual Studio Solution File, Format Version 12.00
# Visual Studio Version 16
VisualStudioVersion = 16.0.29324.140
MinimumVisualStudioVersion = 10.0.40219.1
Project("{FAE04EC0-301F-11D3-BF4B-00C04F79EFBC}") = "MPA_HW3", "MPA_HW3\MPA_HW3.csproj", "{516B5AEA-D412-4677-847F-ED253F0D955A}"
EndProject
Global
	GlobalSection(SolutionConfigurationPlatforms) = preSolution
		Debug|Any CPU = Debug|Any CPU
		Release|Any CPU = Release|Any CPU
	EndGlobalSection
	GlobalSection(ProjectConfigurationPlatforms) = postSolution
		{516B5AEA-D412-4677-847F-ED253F0D955A}.Debug|Any CPU.ActiveCfg = Debug|Any CPU
		{516B5AEA-D412-4677-847F-ED253F0D955A}.Debug|Any CPU.Build.0 = Debug|Any CPU
		{516B5AEA-D412-4677-847F-ED253F0D955A}.Release|Any CPU.ActiveCfg = Release|Any CPU
		{516B5AEA-D412-4677-847F-ED253F0D955A}.Release|Any CPU.Build.0 = Release|Any CPU
	EndGlobalSection
	GlobalSection(SolutionProperties) = preSolution
		HideSolutionNode = FALSE
	EndGlobalSection
	GlobalSection(ExtensibilityGlobals) = postSolution
		SolutionGuid = {AD978E69-5AEB-4FAE-9D2E-603E49181E62}
	EndGlobalSection
EndGlobal
